
Microsoft Visual Studio Solution File, Format Version 12.00
# Visual Studio Version 16
VisualStudioVersion = 16.0.810.21
MinimumVisualStudioVersion = 10.0.40219.1
Project("{FAE04EC0-301F-11D3-BF4B-00C04F79EFBC}") = "AppConsolidacionFinanciera", "AppConsolidacionFinanciera\AppConsolidacionFinanciera.csproj", "{5DFE4894-9495-4106-95AB-611320A07063}"
EndProject
Global
	GlobalSection(SolutionConfigurationPlatforms) = preSolution
		Debug|Any CPU = Debug|Any CPU
		Release|Any CPU = Release|Any CPU
	EndGlobalSection
	GlobalSection(ProjectConfigurationPlatforms) = postSolution
		{5DFE4894-9495-4106-95AB-611320A07063}.Debug|Any CPU.ActiveCfg = Debug|Any CPU
		{5DFE4894-9495-4106-95AB-611320A07063}.Debug|Any CPU.Build.0 = Debug|Any CPU
		{5DFE4894-9495-4106-95AB-611320A07063}.Release|Any CPU.ActiveCfg = Release|Any CPU
		{5DFE4894-9495-4106-95AB-611320A07063}.Release|Any CPU.Build.0 = Release|Any CPU
	EndGlobalSection
	GlobalSection(SolutionProperties) = preSolution
		HideSolutionNode = FALSE
	EndGlobalSection
	GlobalSection(ExtensibilityGlobals) = postSolution
		SolutionGuid = {D193930D-E75F-4AA0-AD39-9545672ECC22}
	EndGlobalSection
EndGlobal
